// !$*UTF8*$!
{
	archiveVersion = 1;
	classes = {
	};
	objectVersion = 46;
	objects = {

/* Begin PBXBuildFile section */
		33E953A41B1DA0CA00763B92 /* main.m in Sources */ = {isa = PBXBuildFile; fileRef = 33E953A31B1DA0CA00763B92 /* main.m */; };
		33E953A71B1DA0CA00763B92 /* AppDelegate.m in Sources */ = {isa = PBXBuildFile; fileRef = 33E953A61B1DA0CA00763B92 /* AppDelegate.m */; };
		33E953AA1B1DA0CA00763B92 /* ViewController.m in Sources */ = {isa = PBXBuildFile; fileRef = 33E953A91B1DA0CA00763B92 /* ViewController.m */; };
		33E953AD1B1DA0CA00763B92 /* Main.storyboard in Resources */ = {isa = PBXBuildFile; fileRef = 33E953AB1B1DA0CA00763B92 /* Main.storyboard */; };
		33E953AF1B1DA0CA00763B92 /* Images.xcassets in Resources */ = {isa = PBXBuildFile; fileRef = 33E953AE1B1DA0CA00763B92 /* Images.xcassets */; };
		33E953B21B1DA0CA00763B92 /* LaunchScreen.xib in Resources */ = {isa = PBXBuildFile; fileRef = 33E953B01B1DA0CA00763B92 /* LaunchScreen.xib */; };
		33E953BE1B1DA0CA00763B92 /* testTests.m in Sources */ = {isa = PBXBuildFile; fileRef = 33E953BD1B1DA0CA00763B92 /* testTests.m */; };
/* End PBXBuildFile section */

/* Begin PBXContainerItemProxy section */
		33E953B81B1DA0CA00763B92 /* PBXContainerItemProxy */ = {
			isa = PBXContainerItemProxy;
			containerPortal = 33E953961B1DA0CA00763B92 /* Project object */;
			proxyType = 1;
			remoteGlobalIDString = 33E9539D1B1DA0CA00763B92;
			remoteInfo = test;
		};
/* End PBXContainerItemProxy section */

/* Begin PBXFileReference section */
		33E9539E1B1DA0CA00763B92 /* test.app */ = {isa = PBXFileReference; explicitFileType = wrapper.application; includeInIndex = 0; path = test.app; sourceTree = BUILT_PRODUCTS_DIR; };
		33E953A21B1DA0CA00763B92 /* Info.plist */ = {isa = PBXFileReference; lastKnownFileType = text.plist.xml; path = Info.plist; sourceTree = "<group>"; };
		33E953A31B1DA0CA00763B92 /* main.m */ = {isa = PBXFileReference; lastKnownFileType = sourcecode.c.objc; path = main.m; sourceTree = "<group>"; };
		33E953A51B1DA0CA00763B92 /* AppDelegate.h */ = {isa = PBXFileReference; lastKnownFileType = sourcecode.c.h; path = AppDelegate.h; sourceTree = "<group>"; };
		33E953A61B1DA0CA00763B92 /* AppDelegate.m */ = {isa = PBXFileReference; lastKnownFileType = sourcecode.c.objc; path = AppDelegate.m; sourceTree = "<group>"; };
		33E953A81B1DA0CA00763B92 /* ViewController.h */ = {isa = PBXFileReference; lastKnownFileType = sourcecode.c.h; path = ViewController.h; sourceTree = "<group>"; };
		33E953A91B1DA0CA00763B92 /* ViewController.m */ = {isa = PBXFileReference; lastKnownFileType = sourcecode.c.objc; path = ViewController.m; sourceTree = "<group>"; };
		33E953AC1B1DA0CA00763B92 /* Base */ = {isa = PBXFileReference; lastKnownFileType = file.storyboard; name = Base; path = Base.lproj/Main.storyboard; sourceTree = "<group>"; };
		33E953AE1B1DA0CA00763B92 /* Images.xcassets */ = {isa = PBXFileReference; lastKnownFileType = folder.assetcatalog; path = Images.xcassets; sourceTree = "<group>"; };
		33E953B11B1DA0CA00763B92 /* Base */ = {isa = PBXFileReference; lastKnownFileType = file.xib; name = Base; path = Base.lproj/LaunchScreen.xib; sourceTree = "<group>"; };
		33E953B71B1DA0CA00763B92 /* testTests.xctest */ = {isa = PBXFileReference; explicitFileType = wrapper.cfbundle; includeInIndex = 0; path = testTests.xctest; sourceTree = BUILT_PRODUCTS_DIR; };
		33E953BC1B1DA0CA00763B92 /* Info.plist */ = {isa = PBXFileReference; lastKnownFileType = text.plist.xml; path = Info.plist; sourceTree = "<group>"; };
		33E953BD1B1DA0CA00763B92 /* testTests.m */ = {isa = PBXFileReference; lastKnownFileType = sourcecode.c.objc; path = testTests.m; sourceTree = "<group>"; };
/* End PBXFileReference section */

/* Begin PBXFrameworksBuildPhase section */
		33E9539B1B1DA0CA00763B92 /* Frameworks */ = {
			isa = PBXFrameworksBuildPhase;
			buildActionMask = 2147483647;
			files = (
			);
			runOnlyForDeploymentPostprocessing = 0;
		};
		33E953B41B1DA0CA00763B92 /* Frameworks */ = {
			isa = PBXFrameworksBuildPhase;
			buildActionMask = 2147483647;
			files = (
			);
			runOnlyForDeploymentPostprocessing = 0;
		};
/* End PBXFrameworksBuildPhase section */

/* Begin PBXGroup section */
		33E953951B1DA0CA00763B92 = {
			isa = PBXGroup;
			children = (
				33E953A01B1DA0CA00763B92 /* test */,
				33E953BA1B1DA0CA00763B92 /* testTests */,
				33E9539F1B1DA0CA00763B92 /* Products */,
			);
			sourceTree = "<group>";
		};
		33E9539F1B1DA0CA00763B92 /* Products */ = {
			isa = PBXGroup;
			children = (
				33E9539E1B1DA0CA00763B92 /* test.app */,
				33E953B71B1DA0CA00763B92 /* testTests.xctest */,
			);
			name = Products;
			sourceTree = "<group>";
		};
		33E953A01B1DA0CA00763B92 /* test */ = {
			isa = PBXGroup;
			children = (
				33E953A51B1DA0CA00763B92 /* AppDelegate.h */,
				33E953A61B1DA0CA00763B92 /* AppDelegate.m */,
				33E953A81B1DA0CA00763B92 /* ViewController.h */,
				33E953A91B1DA0CA00763B92 /* ViewController.m */,
				33E953AB1B1DA0CA00763B92 /* Main.storyboard */,
				33E953AE1B1DA0CA00763B92 /* Images.xcassets */,
				33E953B01B1DA0CA00763B92 /* LaunchScreen.xib */,
				33E953A11B1DA0CA00763B92 /* Supporting Files */,
			);
			path = test;
			sourceTree = "<group>";
		};
		33E953A11B1DA0CA00763B92 /* Supporting Files */ = {
			isa = PBXGroup;
			children = (
				33E953A21B1DA0CA00763B92 /* Info.plist */,
				33E953A31B1DA0CA00763B92 /* main.m */,
			);
			name = "Supporting Files";
			sourceTree = "<group>";
		};
		33E953BA1B1DA0CA00763B92 /* testTests */ = {
			isa = PBXGroup;
			children = (
				33E953BD1B1DA0CA00763B92 /* testTests.m */,
				33E953BB1B1DA0CA00763B92 /* Supporting Files */,
			);
			path = testTests;
			sourceTree = "<group>";
		};
		33E953BB1B1DA0CA00763B92 /* Supporting Files */ = {
			isa = PBXGroup;
			children = (
				33E953BC1B1DA0CA00763B92 /* Info.plist */,
			);
			name = "Supporting Files";
			sourceTree = "<group>";
		};
/* End PBXGroup section */

/* Begin PBXNativeTarget section */
		33E9539D1B1DA0CA00763B92 /* test */ = {
			isa = PBXNativeTarget;
			buildConfigurationList = 33E953C11B1DA0CA00763B92 /* Build configuration list for PBXNativeTarget "test" */;
			buildPhases = (
				33E9539A1B1DA0CA00763B92 /* Sources */,
				33E9539B1B1DA0CA00763B92 /* Frameworks */,
				33E9539C1B1DA0CA00763B92 /* Resources */,
			);
			buildRules = (
			);
			dependencies = (
			);
			name = test;
			productName = test;
			productReference = 33E9539E1B1DA0CA00763B92 /* test.app */;
			productType = "com.apple.product-type.application";
		};
		33E953B61B1DA0CA00763B92 /* testTests */ = {
			isa = PBXNativeTarget;
			buildConfigurationList = 33E953C41B1DA0CA00763B92 /* Build configuration list for PBXNativeTarget "testTests" */;
			buildPhases = (
				33E953B31B1DA0CA00763B92 /* Sources */,
				33E953B41B1DA0CA00763B92 /* Frameworks */,
				33E953B51B1DA0CA00763B92 /* Resources */,
			);
			buildRules = (
			);
			dependencies = (
				33E953B91B1DA0CA00763B92 /* PBXTargetDependency */,
			);
			name = testTests;
			productName = testTests;
			productReference = 33E953B71B1DA0CA00763B92 /* testTests.xctest */;
			productType = "com.apple.product-type.bundle.unit-test";
		};
/* End PBXNativeTarget section */

/* Begin PBXProject section */
		33E953961B1DA0CA00763B92 /* Project object */ = {
			isa = PBXProject;
			attributes = {
				LastUpgradeCheck = 0630;
				ORGANIZATIONNAME = winainfo;
				TargetAttributes = {
					33E9539D1B1DA0CA00763B92 = {
						CreatedOnToolsVersion = 6.3.2;
					};
					33E953B61B1DA0CA00763B92 = {
						CreatedOnToolsVersion = 6.3.2;
						TestTargetID = 33E9539D1B1DA0CA00763B92;
					};
				};
			};
			buildConfigurationList = 33E953991B1DA0CA00763B92 /* Build configuration list for PBXProject "test" */;
			compatibilityVersion = "Xcode 3.2";
			developmentRegion = English;
			hasScannedForEncodings = 0;
			knownRegions = (
				en,
				Base,
			);
			mainGroup = 33E953951B1DA0CA00763B92;
			productRefGroup = 33E9539F1B1DA0CA00763B92 /* Products */;
			projectDirPath = "";
			projectRoot = "";
			targets = (
				33E9539D1B1DA0CA00763B92 /* test */,
				33E953B61B1DA0CA00763B92 /* testTests */,
			);
		};
/* End PBXProject section */

/* Begin PBXResourcesBuildPhase section */
		33E9539C1B1DA0CA00763B92 /* Resources */ = {
			isa = PBXResourcesBuildPhase;
			buildActionMask = 2147483647;
			files = (
				33E953AD1B1DA0CA00763B92 /* Main.storyboard in Resources */,
				33E953B21B1DA0CA00763B92 /* LaunchScreen.xib in Resources */,
				33E953AF1B1DA0CA00763B92 /* Images.xcassets in Resources */,
			);
			runOnlyForDeploymentPostprocessing = 0;
		};
		33E953B51B1DA0CA00763B92 /* Resources */ = {
			isa = PBXResourcesBuildPhase;
			buildActionMask = 2147483647;
			files = (
			);
			runOnlyForDeploymentPostprocessing = 0;
		};
/* End PBXResourcesBuildPhase section */

/* Begin PBXSourcesBuildPhase section */
		33E9539A1B1DA0CA00763B92 /* Sources */ = {
			isa = PBXSourcesBuildPhase;
			buildActionMask = 2147483647;
			files = (
				33E953AA1B1DA0CA00763B92 /* ViewController.m in Sources */,
				33E953A71B1DA0CA00763B92 /* AppDelegate.m in Sources */,
				33E953A41B1DA0CA00763B92 /* main.m in Sources */,
			);
			runOnlyForDeploymentPostprocessing = 0;
		};
		33E953B31B1DA0CA00763B92 /* Sources */ = {
			isa = PBXSourcesBuildPhase;
			buildActionMask = 2147483647;
			files = (
				33E953BE1B1DA0CA00763B92 /* testTests.m in Sources */,
			);
			runOnlyForDeploymentPostprocessing = 0;
		};
/* End PBXSourcesBuildPhase section */

/* Begin PBXTargetDependency section */
		33E953B91B1DA0CA00763B92 /* PBXTargetDependency */ = {
			isa = PBXTargetDependency;
			target = 33E9539D1B1DA0CA00763B92 /* test */;
			targetProxy = 33E953B81B1DA0CA00763B92 /* PBXContainerItemProxy */;
		};
/* End PBXTargetDependency section */

/* Begin PBXVariantGroup section */
		33E953AB1B1DA0CA00763B92 /* Main.storyboard */ = {
			isa = PBXVariantGroup;
			children = (
				33E953AC1B1DA0CA00763B92 /* Base */,
			);
			name = Main.storyboard;
			sourceTree = "<group>";
		};
		33E953B01B1DA0CA00763B92 /* LaunchScreen.xib */ = {
			isa = PBXVariantGroup;
			children = (
				33E953B11B1DA0CA00763B92 /* Base */,
			);
			name = LaunchScreen.xib;
			sourceTree = "<group>";
		};
/* End PBXVariantGroup section */

/* Begin XCBuildConfiguration section */
		33E953BF1B1DA0CA00763B92 /* Debug */ = {
			isa = XCBuildConfiguration;
			buildSettings = {
				ALWAYS_SEARCH_USER_PATHS = NO;
				CLANG_CXX_LANGUAGE_STANDARD = "gnu++0x";
				CLANG_CXX_LIBRARY = "libc++";
				CLANG_ENABLE_MODULES = YES;
				CLANG_ENABLE_OBJC_ARC = YES;
				CLANG_WARN_BOOL_CONVERSION = YES;
				CLANG_WARN_CONSTANT_CONVERSION = YES;
				CLANG_WARN_DIRECT_OBJC_ISA_USAGE = YES_ERROR;
				CLANG_WARN_EMPTY_BODY = YES;
				CLANG_WARN_ENUM_CONVERSION = YES;
				CLANG_WARN_INT_CONVERSION = YES;
				CLANG_WARN_OBJC_ROOT_CLASS = YES_ERROR;
				CLANG_WARN_UNREACHABLE_CODE = YES;
				CLANG_WARN__DUPLICATE_METHOD_MATCH = YES;
				"CODE_SIGN_IDENTITY[sdk=iphoneos*]" = "iPhone Developer";
				COPY_PHASE_STRIP = NO;
				DEBUG_INFORMATION_FORMAT = "dwarf-with-dsym";
				ENABLE_STRICT_OBJC_MSGSEND = YES;
				GCC_C_LANGUAGE_STANDARD = gnu99;
				GCC_DYNAMIC_NO_PIC = NO;
				GCC_NO_COMMON_BLOCKS = YES;
				GCC_OPTIMIZATION_LEVEL = 0;
				GCC_PREPROCESSOR_DEFINITIONS = (
					"DEBUG=1",
					"$(inherited)",
				);
				GCC_SYMBOLS_PRIVATE_EXTERN = NO;
				GCC_WARN_64_TO_32_BIT_CONVERSION = YES;
				GCC_WARN_ABOUT_RETURN_TYPE = YES_ERROR;
				GCC_WARN_UNDECLARED_SELECTOR = YES;
				GCC_WARN_UNINITIALIZED_AUTOS = YES_AGGRESSIVE;
				GCC_WARN_UNUSED_FUNCTION = YES;
				GCC_WARN_UNUSED_VARIABLE = YES;
				IPHONEOS_DEPLOYMENT_TARGET = 8.3;
				MTL_ENABLE_DEBUG_INFO = YES;
				ONLY_ACTIVE_ARCH = YES;
				SDKROOT = iphoneos;
			};
			name = Debug;
		};
		33E953C01B1DA0CA00763B92 /* Release */ = {
			isa = XCBuildConfiguration;
			buildSettings = {
				ALWAYS_SEARCH_USER_PATHS = NO;
				CLANG_CXX_LANGUAGE_STANDARD = "gnu++0x";
				CLANG_CXX_LIBRARY = "libc++";
				CLANG_ENABLE_MODULES = YES;
				CLANG_ENABLE_OBJC_ARC = YES;
				CLANG_WARN_BOOL_CONVERSION = YES;
				CLANG_WARN_CONSTANT_CONVERSION = YES;
				CLANG_WARN_DIRECT_OBJC_ISA_USAGE = YES_ERROR;
				CLANG_WARN_EMPTY_BODY = YES;
				CLANG_WARN_ENUM_CONVERSION = YES;
				CLANG_WARN_INT_CONVERSION = YES;
				CLANG_WARN_OBJC_ROOT_CLASS = YES_ERROR;
				CLANG_WARN_UNREACHABLE_CODE = YES;
				CLANG_WARN__DUPLICATE_METHOD_MATCH = YES;
				"CODE_SIGN_IDENTITY[sdk=iphoneos*]" = "iPhone Developer";
				COPY_PHASE_STRIP = NO;
				DEBUG_INFORMATION_FORMAT = "dwarf-with-dsym";
				ENABLE_NS_ASSERTIONS = NO;
				ENABLE_STRICT_OBJC_MSGSEND = YES;
				GCC_C_LANGUAGE_STANDARD = gnu99;
				GCC_NO_COMMON_BLOCKS = YES;
				GCC_WARN_64_TO_32_BIT_CONVERSION = YES;
				GCC_WARN_ABOUT_RETURN_TYPE = YES_ERROR;
				GCC_WARN_UNDECLARED_SELECTOR = YES;
				GCC_WARN_UNINITIALIZED_AUTOS = YES_AGGRESSIVE;
				GCC_WARN_UNUSED_FUNCTION = YES;
				GCC_WARN_UNUSED_VARIABLE = YES;
				IPHONEOS_DEPLOYMENT_TARGET = 8.3;
				MTL_ENABLE_DEBUG_INFO = NO;
				SDKROOT = iphoneos;
				VALIDATE_PRODUCT = YES;
			};
			name = Release;
		};
		33E953C21B1DA0CA00763B92 /* Debug */ = {
			isa = XCBuildConfiguration;
			buildSettings = {
				ASSETCATALOG_COMPILER_APPICON_NAME = AppIcon;
				INFOPLIST_FILE = test/Info.plist;
				LD_RUNPATH_SEARCH_PATHS = "$(inherited) @executable_path/Frameworks";
				PRODUCT_NAME = "$(TARGET_NAME)";
			};
			name = Debug;
		};
		33E953C31B1DA0CA00763B92 /* Release */ = {
			isa = XCBuildConfiguration;
			buildSettings = {
				ASSETCATALOG_COMPILER_APPICON_NAME = AppIcon;
				INFOPLIST_FILE = test/Info.plist;
				LD_RUNPATH_SEARCH_PATHS = "$(inherited) @executable_path/Frameworks";
				PRODUCT_NAME = "$(TARGET_NAME)";
			};
			name = Release;
		};
		33E953C51B1DA0CA00763B92 /* Debug */ = {
			isa = XCBuildConfiguration;
			buildSettings = {
				BUNDLE_LOADER = "$(TEST_HOST)";
				FRAMEWORK_SEARCH_PATHS = (
					"$(SDKROOT)/Developer/Library/Frameworks",
					"$(inherited)",
				);
				GCC_PREPROCESSOR_DEFINITIONS = (
					"DEBUG=1",
					"$(inherited)",
				);
				INFOPLIST_FILE = testTests/Info.plist;
				LD_RUNPATH_SEARCH_PATHS = "$(inherited) @executable_path/Frameworks @loader_path/Frameworks";
				PRODUCT_NAME = "$(TARGET_NAME)";
				TEST_HOST = "$(BUILT_PRODUCTS_DIR)/test.app/test";
			};
			name = Debug;
		};
		33E953C61B1DA0CA00763B92 /* Release */ = {
			isa = XCBuildConfiguration;
			buildSettings = {
				BUNDLE_LOADER = "$(TEST_HOST)";
				FRAMEWORK_SEARCH_PATHS = (
					"$(SDKROOT)/Developer/Library/Frameworks",
					"$(inherited)",
				);
				INFOPLIST_FILE = testTests/Info.plist;
				LD_RUNPATH_SEARCH_PATHS = "$(inherited) @executable_path/Frameworks @loader_path/Frameworks";
				PRODUCT_NAME = "$(TARGET_NAME)";
				TEST_HOST = "$(BUILT_PRODUCTS_DIR)/test.app/test";
			};
			name = Release;
		};
/* End XCBuildConfiguration section */

/* Begin XCConfigurationList section */
		33E953991B1DA0CA00763B92 /* Build configuration list for PBXProject "test" */ = {
			isa = XCConfigurationList;
			buildConfigurations = (
				33E953BF1B1DA0CA00763B92 /* Debug */,
				33E953C01B1DA0CA00763B92 /* Release */,
			);
			defaultConfigurationIsVisible = 0;
			defaultConfigurationName = Release;
		};
		33E953C11B1DA0CA00763B92 /* Build configuration list for PBXNativeTarget "test" */ = {
			isa = XCConfigurationList;
			buildConfigurations = (
				33E953C21B1DA0CA00763B92 /* Debug */,
				33E953C31B1DA0CA00763B92 /* Release */,
			);
			defaultConfigurationIsVisible = 0;
		};
		33E953C41B1DA0CA00763B92 /* Build configuration list for PBXNativeTarget "testTests" */ = {
			isa = XCConfigurationList;
			buildConfigurations = (
				33E953C51B1DA0CA00763B92 /* Debug */,
				33E953C61B1DA0CA00763B92 /* Release */,
			);
			defaultConfigurationIsVisible = 0;
		};
/* End XCConfigurationList section */
	};
	rootObject = 33E953961B1DA0CA00763B92 /* Project object */;
}
